
Microsoft Visual Studio Solution File, Format Version 12.00
# Visual Studio 15
Project("{FAE04EC0-301F-11D3-BF4B-00C04F79EFBC}") = "Assembly-CSharp", "Assembly-CSharp.csproj", "{303F2FB6-E481-A9D5-2FBB-4D31E8D74465}"
EndProject
Project("{FAE04EC0-301F-11D3-BF4B-00C04F79EFBC}") = "Assembly-CSharp-Editor", "Assembly-CSharp-Editor.csproj", "{0C253379-46C0-B07A-4A6D-076D591284C5}"
EndProject
Global
	GlobalSection(SolutionConfigurationPlatforms) = preSolution
		Debug|Any CPU = Debug|Any CPU
		Release|Any CPU = Release|Any CPU
	EndGlobalSection
	GlobalSection(ProjectConfigurationPlatforms) = postSolution
		{303F2FB6-E481-A9D5-2FBB-4D31E8D74465}.Debug|Any CPU.ActiveCfg = Debug|Any CPU
		{303F2FB6-E481-A9D5-2FBB-4D31E8D74465}.Debug|Any CPU.Build.0 = Debug|Any CPU
		{303F2FB6-E481-A9D5-2FBB-4D31E8D74465}.Release|Any CPU.ActiveCfg = Release|Any CPU
		{303F2FB6-E481-A9D5-2FBB-4D31E8D74465}.Release|Any CPU.Build.0 = Release|Any CPU
		{0C253379-46C0-B07A-4A6D-076D591284C5}.Debug|Any CPU.ActiveCfg = Debug|Any CPU
		{0C253379-46C0-B07A-4A6D-076D591284C5}.Debug|Any CPU.Build.0 = Debug|Any CPU
		{0C253379-46C0-B07A-4A6D-076D591284C5}.Release|Any CPU.ActiveCfg = Release|Any CPU
		{0C253379-46C0-B07A-4A6D-076D591284C5}.Release|Any CPU.Build.0 = Release|Any CPU
	EndGlobalSection
	GlobalSection(SolutionProperties) = preSolution
		HideSolutionNode = FALSE
	EndGlobalSection
EndGlobal
